// !$*UTF8*$!
{
	archiveVersion = 1;
	classes = {
	};
	objectVersion = 56;
	objects = {

/* Begin PBXBuildFile section */
		9829AFF82B302E5A00E371FC /* ProductCardComponentView.swift in Sources */ = {isa = PBXBuildFile; fileRef = 9829AFF72B302E5A00E371FC /* ProductCardComponentView.swift */; };
		9829AFFC2B3035D600E371FC /* ProductDetailView.swift in Sources */ = {isa = PBXBuildFile; fileRef = 9829AFFB2B3035D600E371FC /* ProductDetailView.swift */; };
		9829AFFE2B30657E00E371FC /* HeaderComponentView.swift in Sources */ = {isa = PBXBuildFile; fileRef = 9829AFFD2B30657E00E371FC /* HeaderComponentView.swift */; };
		9829B0002B30671D00E371FC /* BalanceComponentView.swift in Sources */ = {isa = PBXBuildFile; fileRef = 9829AFFF2B30671D00E371FC /* BalanceComponentView.swift */; };
		9829B0042B307DAB00E371FC /* CategoriesView.swift in Sources */ = {isa = PBXBuildFile; fileRef = 9829B0032B307DAB00E371FC /* CategoriesView.swift */; };
		9829B0072B30809F00E371FC /* CategoriesViewModel.swift in Sources */ = {isa = PBXBuildFile; fileRef = 9829B0062B30809F00E371FC /* CategoriesViewModel.swift */; };
		9829B0092B30847600E371FC /* ProductsView.swift in Sources */ = {isa = PBXBuildFile; fileRef = 9829B0082B30847600E371FC /* ProductsView.swift */; };
		98ABDFD12B2F8CEF00EF4718 /* DavalebaSwiftUI5App.swift in Sources */ = {isa = PBXBuildFile; fileRef = 98ABDFD02B2F8CEF00EF4718 /* DavalebaSwiftUI5App.swift */; };
		98ABDFD32B2F8CEF00EF4718 /* MainView.swift in Sources */ = {isa = PBXBuildFile; fileRef = 98ABDFD22B2F8CEF00EF4718 /* MainView.swift */; };
		98ABDFD52B2F8CF000EF4718 /* Assets.xcassets in Resources */ = {isa = PBXBuildFile; fileRef = 98ABDFD42B2F8CF000EF4718 /* Assets.xcassets */; };
		98ABDFD82B2F8CF000EF4718 /* Preview Assets.xcassets in Resources */ = {isa = PBXBuildFile; fileRef = 98ABDFD72B2F8CF000EF4718 /* Preview Assets.xcassets */; };
		98ABDFE12B2F91F800EF4718 /* NetworkLayer.swift in Sources */ = {isa = PBXBuildFile; fileRef = 98ABDFE02B2F91F800EF4718 /* NetworkLayer.swift */; };
		98ABDFE62B2F963800EF4718 /* ProductsModel.swift in Sources */ = {isa = PBXBuildFile; fileRef = 98ABDFE52B2F963800EF4718 /* ProductsModel.swift */; };
		98ABDFE82B2F9E0500EF4718 /* MainViewModel.swift in Sources */ = {isa = PBXBuildFile; fileRef = 98ABDFE72B2F9E0500EF4718 /* MainViewModel.swift */; };
		98ABDFEE2B2FBE9C00EF4718 /* ContentView.swift in Sources */ = {isa = PBXBuildFile; fileRef = 98ABDFED2B2FBE9C00EF4718 /* ContentView.swift */; };
/* End PBXBuildFile section */

/* Begin PBXFileReference section */
		9829AFF72B302E5A00E371FC /* ProductCardComponentView.swift */ = {isa = PBXFileReference; lastKnownFileType = sourcecode.swift; path = ProductCardComponentView.swift; sourceTree = "<group>"; };
		9829AFFB2B3035D600E371FC /* ProductDetailView.swift */ = {isa = PBXFileReference; lastKnownFileType = sourcecode.swift; path = ProductDetailView.swift; sourceTree = "<group>"; };
		9829AFFD2B30657E00E371FC /* HeaderComponentView.swift */ = {isa = PBXFileReference; lastKnownFileType = sourcecode.swift; path = HeaderComponentView.swift; sourceTree = "<group>"; };
		9829AFFF2B30671D00E371FC /* BalanceComponentView.swift */ = {isa = PBXFileReference; lastKnownFileType = sourcecode.swift; path = BalanceComponentView.swift; sourceTree = "<group>"; };
		9829B0032B307DAB00E371FC /* CategoriesView.swift */ = {isa = PBXFileReference; lastKnownFileType = sourcecode.swift; path = CategoriesView.swift; sourceTree = "<group>"; };
		9829B0062B30809F00E371FC /* CategoriesViewModel.swift */ = {isa = PBXFileReference; lastKnownFileType = sourcecode.swift; path = CategoriesViewModel.swift; sourceTree = "<group>"; };
		9829B0082B30847600E371FC /* ProductsView.swift */ = {isa = PBXFileReference; lastKnownFileType = sourcecode.swift; path = ProductsView.swift; sourceTree = "<group>"; };
		98ABDFCD2B2F8CEF00EF4718 /* DavalebaSwiftUI5.app */ = {isa = PBXFileReference; explicitFileType = wrapper.application; includeInIndex = 0; path = DavalebaSwiftUI5.app; sourceTree = BUILT_PRODUCTS_DIR; };
		98ABDFD02B2F8CEF00EF4718 /* DavalebaSwiftUI5App.swift */ = {isa = PBXFileReference; lastKnownFileType = sourcecode.swift; path = DavalebaSwiftUI5App.swift; sourceTree = "<group>"; };
		98ABDFD22B2F8CEF00EF4718 /* MainView.swift */ = {isa = PBXFileReference; lastKnownFileType = sourcecode.swift; path = MainView.swift; sourceTree = "<group>"; };
		98ABDFD42B2F8CF000EF4718 /* Assets.xcassets */ = {isa = PBXFileReference; lastKnownFileType = folder.assetcatalog; path = Assets.xcassets; sourceTree = "<group>"; };
		98ABDFD72B2F8CF000EF4718 /* Preview Assets.xcassets */ = {isa = PBXFileReference; lastKnownFileType = folder.assetcatalog; path = "Preview Assets.xcassets"; sourceTree = "<group>"; };
		98ABDFE02B2F91F800EF4718 /* NetworkLayer.swift */ = {isa = PBXFileReference; lastKnownFileType = sourcecode.swift; path = NetworkLayer.swift; sourceTree = "<group>"; };
		98ABDFE52B2F963800EF4718 /* ProductsModel.swift */ = {isa = PBXFileReference; lastKnownFileType = sourcecode.swift; path = ProductsModel.swift; sourceTree = "<group>"; };
		98ABDFE72B2F9E0500EF4718 /* MainViewModel.swift */ = {isa = PBXFileReference; lastKnownFileType = sourcecode.swift; path = MainViewModel.swift; sourceTree = "<group>"; };
		98ABDFED2B2FBE9C00EF4718 /* ContentView.swift */ = {isa = PBXFileReference; lastKnownFileType = sourcecode.swift; path = ContentView.swift; sourceTree = "<group>"; };
/* End PBXFileReference section */

/* Begin PBXFrameworksBuildPhase section */
		98ABDFCA2B2F8CEF00EF4718 /* Frameworks */ = {
			isa = PBXFrameworksBuildPhase;
			buildActionMask = 2147483647;
			files = (
			);
			runOnlyForDeploymentPostprocessing = 0;
		};
/* End PBXFrameworksBuildPhase section */

/* Begin PBXGroup section */
		9829AFF92B3035A800E371FC /* MainView */ = {
			isa = PBXGroup;
			children = (
				98ABDFD22B2F8CEF00EF4718 /* MainView.swift */,
				98ABDFE72B2F9E0500EF4718 /* MainViewModel.swift */,
			);
			path = MainView;
			sourceTree = "<group>";
		};
		9829AFFA2B3035C500E371FC /* ProductDetailPage */ = {
			isa = PBXGroup;
			children = (
				9829AFFB2B3035D600E371FC /* ProductDetailView.swift */,
			);
			path = ProductDetailPage;
			sourceTree = "<group>";
		};
		9829B0052B307DB000E371FC /* CategoriesView */ = {
			isa = PBXGroup;
			children = (
				9829B0032B307DAB00E371FC /* CategoriesView.swift */,
				9829B0062B30809F00E371FC /* CategoriesViewModel.swift */,
			);
			path = CategoriesView;
			sourceTree = "<group>";
		};
		9829B00A2B30861500E371FC /* ProductsView */ = {
			isa = PBXGroup;
			children = (
				9829B0082B30847600E371FC /* ProductsView.swift */,
			);
			path = ProductsView;
			sourceTree = "<group>";
		};
		98ABDFC42B2F8CEF00EF4718 = {
			isa = PBXGroup;
			children = (
				98ABDFCF2B2F8CEF00EF4718 /* DavalebaSwiftUI5 */,
				98ABDFCE2B2F8CEF00EF4718 /* Products */,
			);
			sourceTree = "<group>";
		};
		98ABDFCE2B2F8CEF00EF4718 /* Products */ = {
			isa = PBXGroup;
			children = (
				98ABDFCD2B2F8CEF00EF4718 /* DavalebaSwiftUI5.app */,
			);
			name = Products;
			sourceTree = "<group>";
		};
		98ABDFCF2B2F8CEF00EF4718 /* DavalebaSwiftUI5 */ = {
			isa = PBXGroup;
			children = (
				98ABDFDE2B2F912600EF4718 /* App */,
				98ABDFDF2B2F914300EF4718 /* Scenes */,
				9829AFFA2B3035C500E371FC /* ProductDetailPage */,
				98ABDFE32B2F931E00EF4718 /* Components */,
				98ABDFE22B2F91FC00EF4718 /* Netweork */,
				98ABDFE42B2F960300EF4718 /* Model */,
				98ABDFD42B2F8CF000EF4718 /* Assets.xcassets */,
				98ABDFD62B2F8CF000EF4718 /* Preview Content */,
			);
			path = DavalebaSwiftUI5;
			sourceTree = "<group>";
		};
		98ABDFD62B2F8CF000EF4718 /* Preview Content */ = {
			isa = PBXGroup;
			children = (
				98ABDFD72B2F8CF000EF4718 /* Preview Assets.xcassets */,
			);
			path = "Preview Content";
			sourceTree = "<group>";
		};
		98ABDFDE2B2F912600EF4718 /* App */ = {
			isa = PBXGroup;
			children = (
				98ABDFD02B2F8CEF00EF4718 /* DavalebaSwiftUI5App.swift */,
			);
			path = App;
			sourceTree = "<group>";
		};
		98ABDFDF2B2F914300EF4718 /* Scenes */ = {
			isa = PBXGroup;
			children = (
				98ABDFED2B2FBE9C00EF4718 /* ContentView.swift */,
				9829B0052B307DB000E371FC /* CategoriesView */,
				9829B00A2B30861500E371FC /* ProductsView */,
				9829AFF92B3035A800E371FC /* MainView */,
			);
			path = Scenes;
			sourceTree = "<group>";
		};
		98ABDFE22B2F91FC00EF4718 /* Netweork */ = {
			isa = PBXGroup;
			children = (
				98ABDFE02B2F91F800EF4718 /* NetworkLayer.swift */,
			);
			path = Netweork;
			sourceTree = "<group>";
		};
		98ABDFE32B2F931E00EF4718 /* Components */ = {
			isa = PBXGroup;
			children = (
				9829AFF72B302E5A00E371FC /* ProductCardComponentView.swift */,
				9829AFFD2B30657E00E371FC /* HeaderComponentView.swift */,
				9829AFFF2B30671D00E371FC /* BalanceComponentView.swift */,
			);
			path = Components;
			sourceTree = "<group>";
		};
		98ABDFE42B2F960300EF4718 /* Model */ = {
			isa = PBXGroup;
			children = (
				98ABDFE52B2F963800EF4718 /* ProductsModel.swift */,
			);
			path = Model;
			sourceTree = "<group>";
		};
/* End PBXGroup section */

/* Begin PBXNativeTarget section */
		98ABDFCC2B2F8CEF00EF4718 /* DavalebaSwiftUI5 */ = {
			isa = PBXNativeTarget;
			buildConfigurationList = 98ABDFDB2B2F8CF000EF4718 /* Build configuration list for PBXNativeTarget "DavalebaSwiftUI5" */;
			buildPhases = (
				98ABDFC92B2F8CEF00EF4718 /* Sources */,
				98ABDFCA2B2F8CEF00EF4718 /* Frameworks */,
				98ABDFCB2B2F8CEF00EF4718 /* Resources */,
			);
			buildRules = (
			);
			dependencies = (
			);
			name = DavalebaSwiftUI5;
			productName = DavalebaSwiftUI5;
			productReference = 98ABDFCD2B2F8CEF00EF4718 /* DavalebaSwiftUI5.app */;
			productType = "com.apple.product-type.application";
		};
/* End PBXNativeTarget section */

/* Begin PBXProject section */
		98ABDFC52B2F8CEF00EF4718 /* Project object */ = {
			isa = PBXProject;
			attributes = {
				BuildIndependentTargetsInParallel = 1;
				LastSwiftUpdateCheck = 1500;
				LastUpgradeCheck = 1500;
				TargetAttributes = {
					98ABDFCC2B2F8CEF00EF4718 = {
						CreatedOnToolsVersion = 15.0.1;
					};
				};
			};
			buildConfigurationList = 98ABDFC82B2F8CEF00EF4718 /* Build configuration list for PBXProject "DavalebaSwiftUI5" */;
			compatibilityVersion = "Xcode 14.0";
			developmentRegion = en;
			hasScannedForEncodings = 0;
			knownRegions = (
				en,
				Base,
			);
			mainGroup = 98ABDFC42B2F8CEF00EF4718;
			productRefGroup = 98ABDFCE2B2F8CEF00EF4718 /* Products */;
			projectDirPath = "";
			projectRoot = "";
			targets = (
				98ABDFCC2B2F8CEF00EF4718 /* DavalebaSwiftUI5 */,
			);
		};
/* End PBXProject section */

/* Begin PBXResourcesBuildPhase section */
		98ABDFCB2B2F8CEF00EF4718 /* Resources */ = {
			isa = PBXResourcesBuildPhase;
			buildActionMask = 2147483647;
			files = (
				98ABDFD82B2F8CF000EF4718 /* Preview Assets.xcassets in Resources */,
				98ABDFD52B2F8CF000EF4718 /* Assets.xcassets in Resources */,
			);
			runOnlyForDeploymentPostprocessing = 0;
		};
/* End PBXResourcesBuildPhase section */

/* Begin PBXSourcesBuildPhase section */
		98ABDFC92B2F8CEF00EF4718 /* Sources */ = {
			isa = PBXSourcesBuildPhase;
			buildActionMask = 2147483647;
			files = (
				98ABDFE82B2F9E0500EF4718 /* MainViewModel.swift in Sources */,
				9829AFFC2B3035D600E371FC /* ProductDetailView.swift in Sources */,
				9829AFFE2B30657E00E371FC /* HeaderComponentView.swift in Sources */,
				98ABDFEE2B2FBE9C00EF4718 /* ContentView.swift in Sources */,
				98ABDFE12B2F91F800EF4718 /* NetworkLayer.swift in Sources */,
				9829B0072B30809F00E371FC /* CategoriesViewModel.swift in Sources */,
				9829B0042B307DAB00E371FC /* CategoriesView.swift in Sources */,
				9829AFF82B302E5A00E371FC /* ProductCardComponentView.swift in Sources */,
				98ABDFD32B2F8CEF00EF4718 /* MainView.swift in Sources */,
				9829B0002B30671D00E371FC /* BalanceComponentView.swift in Sources */,
				98ABDFD12B2F8CEF00EF4718 /* DavalebaSwiftUI5App.swift in Sources */,
				98ABDFE62B2F963800EF4718 /* ProductsModel.swift in Sources */,
				9829B0092B30847600E371FC /* ProductsView.swift in Sources */,
			);
			runOnlyForDeploymentPostprocessing = 0;
		};
/* End PBXSourcesBuildPhase section */

/* Begin XCBuildConfiguration section */
		98ABDFD92B2F8CF000EF4718 /* Debug */ = {
			isa = XCBuildConfiguration;
			buildSettings = {
				ALWAYS_SEARCH_USER_PATHS = NO;
				ASSETCATALOG_COMPILER_GENERATE_SWIFT_ASSET_SYMBOL_EXTENSIONS = YES;
				CLANG_ANALYZER_NONNULL = YES;
				CLANG_ANALYZER_NUMBER_OBJECT_CONVERSION = YES_AGGRESSIVE;
				CLANG_CXX_LANGUAGE_STANDARD = "gnu++20";
				CLANG_ENABLE_MODULES = YES;
				CLANG_ENABLE_OBJC_ARC = YES;
				CLANG_ENABLE_OBJC_WEAK = YES;
				CLANG_WARN_BLOCK_CAPTURE_AUTORELEASING = YES;
				CLANG_WARN_BOOL_CONVERSION = YES;
				CLANG_WARN_COMMA = YES;
				CLANG_WARN_CONSTANT_CONVERSION = YES;
				CLANG_WARN_DEPRECATED_OBJC_IMPLEMENTATIONS = YES;
				CLANG_WARN_DIRECT_OBJC_ISA_USAGE = YES_ERROR;
				CLANG_WARN_DOCUMENTATION_COMMENTS = YES;
				CLANG_WARN_EMPTY_BODY = YES;
				CLANG_WARN_ENUM_CONVERSION = YES;
				CLANG_WARN_INFINITE_RECURSION = YES;
				CLANG_WARN_INT_CONVERSION = YES;
				CLANG_WARN_NON_LITERAL_NULL_CONVERSION = YES;
				CLANG_WARN_OBJC_IMPLICIT_RETAIN_SELF = YES;
				CLANG_WARN_OBJC_LITERAL_CONVERSION = YES;
				CLANG_WARN_OBJC_ROOT_CLASS = YES_ERROR;
				CLANG_WARN_QUOTED_INCLUDE_IN_FRAMEWORK_HEADER = YES;
				CLANG_WARN_RANGE_LOOP_ANALYSIS = YES;
				CLANG_WARN_STRICT_PROTOTYPES = YES;
				CLANG_WARN_SUSPICIOUS_MOVE = YES;
				CLANG_WARN_UNGUARDED_AVAILABILITY = YES_AGGRESSIVE;
				CLANG_WARN_UNREACHABLE_CODE = YES;
				CLANG_WARN__DUPLICATE_METHOD_MATCH = YES;
				COPY_PHASE_STRIP = NO;
				DEBUG_INFORMATION_FORMAT = dwarf;
				ENABLE_STRICT_OBJC_MSGSEND = YES;
				ENABLE_TESTABILITY = YES;
				ENABLE_USER_SCRIPT_SANDBOXING = YES;
				GCC_C_LANGUAGE_STANDARD = gnu17;
				GCC_DYNAMIC_NO_PIC = NO;
				GCC_NO_COMMON_BLOCKS = YES;
				GCC_OPTIMIZATION_LEVEL = 0;
				GCC_PREPROCESSOR_DEFINITIONS = (
					"DEBUG=1",
					"$(inherited)",
				);
				GCC_WARN_64_TO_32_BIT_CONVERSION = YES;
				GCC_WARN_ABOUT_RETURN_TYPE = YES_ERROR;
				GCC_WARN_UNDECLARED_SELECTOR = YES;
				GCC_WARN_UNINITIALIZED_AUTOS = YES_AGGRESSIVE;
				GCC_WARN_UNUSED_FUNCTION = YES;
				GCC_WARN_UNUSED_VARIABLE = YES;
				IPHONEOS_DEPLOYMENT_TARGET = 17.0;
				LOCALIZATION_PREFERS_STRING_CATALOGS = YES;
				MTL_ENABLE_DEBUG_INFO = INCLUDE_SOURCE;
				MTL_FAST_MATH = YES;
				ONLY_ACTIVE_ARCH = YES;
				SDKROOT = iphoneos;
				SWIFT_ACTIVE_COMPILATION_CONDITIONS = "DEBUG $(inherited)";
				SWIFT_OPTIMIZATION_LEVEL = "-Onone";
			};
			name = Debug;
		};
		98ABDFDA2B2F8CF000EF4718 /* Release */ = {
			isa = XCBuildConfiguration;
			buildSettings = {
				ALWAYS_SEARCH_USER_PATHS = NO;
				ASSETCATALOG_COMPILER_GENERATE_SWIFT_ASSET_SYMBOL_EXTENSIONS = YES;
				CLANG_ANALYZER_NONNULL = YES;
				CLANG_ANALYZER_NUMBER_OBJECT_CONVERSION = YES_AGGRESSIVE;
				CLANG_CXX_LANGUAGE_STANDARD = "gnu++20";
				CLANG_ENABLE_MODULES = YES;
				CLANG_ENABLE_OBJC_ARC = YES;
				CLANG_ENABLE_OBJC_WEAK = YES;
				CLANG_WARN_BLOCK_CAPTURE_AUTORELEASING = YES;
				CLANG_WARN_BOOL_CONVERSION = YES;
				CLANG_WARN_COMMA = YES;
				CLANG_WARN_CONSTANT_CONVERSION = YES;
				CLANG_WARN_DEPRECATED_OBJC_IMPLEMENTATIONS = YES;
				CLANG_WARN_DIRECT_OBJC_ISA_USAGE = YES_ERROR;
				CLANG_WARN_DOCUMENTATION_COMMENTS = YES;
				CLANG_WARN_EMPTY_BODY = YES;
				CLANG_WARN_ENUM_CONVERSION = YES;
				CLANG_WARN_INFINITE_RECURSION = YES;
				CLANG_WARN_INT_CONVERSION = YES;
				CLANG_WARN_NON_LITERAL_NULL_CONVERSION = YES;
				CLANG_WARN_OBJC_IMPLICIT_RETAIN_SELF = YES;
				CLANG_WARN_OBJC_LITERAL_CONVERSION = YES;
				CLANG_WARN_OBJC_ROOT_CLASS = YES_ERROR;
				CLANG_WARN_QUOTED_INCLUDE_IN_FRAMEWORK_HEADER = YES;
				CLANG_WARN_RANGE_LOOP_ANALYSIS = YES;
				CLANG_WARN_STRICT_PROTOTYPES = YES;
				CLANG_WARN_SUSPICIOUS_MOVE = YES;
				CLANG_WARN_UNGUARDED_AVAILABILITY = YES_AGGRESSIVE;
				CLANG_WARN_UNREACHABLE_CODE = YES;
				CLANG_WARN__DUPLICATE_METHOD_MATCH = YES;
				COPY_PHASE_STRIP = NO;
				DEBUG_INFORMATION_FORMAT = "dwarf-with-dsym";
				ENABLE_NS_ASSERTIONS = NO;
				ENABLE_STRICT_OBJC_MSGSEND = YES;
				ENABLE_USER_SCRIPT_SANDBOXING = YES;
				GCC_C_LANGUAGE_STANDARD = gnu17;
				GCC_NO_COMMON_BLOCKS = YES;
				GCC_WARN_64_TO_32_BIT_CONVERSION = YES;
				GCC_WARN_ABOUT_RETURN_TYPE = YES_ERROR;
				GCC_WARN_UNDECLARED_SELECTOR = YES;
				GCC_WARN_UNINITIALIZED_AUTOS = YES_AGGRESSIVE;
				GCC_WARN_UNUSED_FUNCTION = YES;
				GCC_WARN_UNUSED_VARIABLE = YES;
				IPHONEOS_DEPLOYMENT_TARGET = 17.0;
				LOCALIZATION_PREFERS_STRING_CATALOGS = YES;
				MTL_ENABLE_DEBUG_INFO = NO;
				MTL_FAST_MATH = YES;
				SDKROOT = iphoneos;
				SWIFT_COMPILATION_MODE = wholemodule;
				VALIDATE_PRODUCT = YES;
			};
			name = Release;
		};
		98ABDFDC2B2F8CF000EF4718 /* Debug */ = {
			isa = XCBuildConfiguration;
			buildSettings = {
				ASSETCATALOG_COMPILER_APPICON_NAME = AppIcon;
				ASSETCATALOG_COMPILER_GLOBAL_ACCENT_COLOR_NAME = AccentColor;
				CODE_SIGN_STYLE = Automatic;
				CURRENT_PROJECT_VERSION = 1;
				DEVELOPMENT_ASSET_PATHS = "\"DavalebaSwiftUI5/Preview Content\"";
				ENABLE_PREVIEWS = YES;
				GENERATE_INFOPLIST_FILE = YES;
				INFOPLIST_KEY_UIApplicationSceneManifest_Generation = YES;
				INFOPLIST_KEY_UIApplicationSupportsIndirectInputEvents = YES;
				INFOPLIST_KEY_UILaunchScreen_Generation = YES;
				INFOPLIST_KEY_UISupportedInterfaceOrientations_iPad = "UIInterfaceOrientationPortrait UIInterfaceOrientationPortraitUpsideDown UIInterfaceOrientationLandscapeLeft UIInterfaceOrientationLandscapeRight";
				INFOPLIST_KEY_UISupportedInterfaceOrientations_iPhone = "UIInterfaceOrientationPortrait UIInterfaceOrientationLandscapeLeft UIInterfaceOrientationLandscapeRight";
				LD_RUNPATH_SEARCH_PATHS = (
					"$(inherited)",
					"@executable_path/Frameworks",
				);
				MARKETING_VERSION = 1.0;
				PRODUCT_BUNDLE_IDENTIFIER = ge.academy.objectDetection.DavalebaSwiftUI5;
				PRODUCT_NAME = "$(TARGET_NAME)";
				SWIFT_EMIT_LOC_STRINGS = YES;
				SWIFT_VERSION = 5.0;
				TARGETED_DEVICE_FAMILY = "1,2";
			};
			name = Debug;
		};
		98ABDFDD2B2F8CF000EF4718 /* Release */ = {
			isa = XCBuildConfiguration;
			buildSettings = {
				ASSETCATALOG_COMPILER_APPICON_NAME = AppIcon;
				ASSETCATALOG_COMPILER_GLOBAL_ACCENT_COLOR_NAME = AccentColor;
				CODE_SIGN_STYLE = Automatic;
				CURRENT_PROJECT_VERSION = 1;
				DEVELOPMENT_ASSET_PATHS = "\"DavalebaSwiftUI5/Preview Content\"";
				ENABLE_PREVIEWS = YES;
				GENERATE_INFOPLIST_FILE = YES;
				INFOPLIST_KEY_UIApplicationSceneManifest_Generation = YES;
				INFOPLIST_KEY_UIApplicationSupportsIndirectInputEvents = YES;
				INFOPLIST_KEY_UILaunchScreen_Generation = YES;
				INFOPLIST_KEY_UISupportedInterfaceOrientations_iPad = "UIInterfaceOrientationPortrait UIInterfaceOrientationPortraitUpsideDown UIInterfaceOrientationLandscapeLeft UIInterfaceOrientationLandscapeRight";
				INFOPLIST_KEY_UISupportedInterfaceOrientations_iPhone = "UIInterfaceOrientationPortrait UIInterfaceOrientationLandscapeLeft UIInterfaceOrientationLandscapeRight";
				LD_RUNPATH_SEARCH_PATHS = (
					"$(inherited)",
					"@executable_path/Frameworks",
				);
				MARKETING_VERSION = 1.0;
				PRODUCT_BUNDLE_IDENTIFIER = ge.academy.objectDetection.DavalebaSwiftUI5;
				PRODUCT_NAME = "$(TARGET_NAME)";
				SWIFT_EMIT_LOC_STRINGS = YES;
				SWIFT_VERSION = 5.0;
				TARGETED_DEVICE_FAMILY = "1,2";
			};
			name = Release;
		};
/* End XCBuildConfiguration section */

/* Begin XCConfigurationList section */
		98ABDFC82B2F8CEF00EF4718 /* Build configuration list for PBXProject "DavalebaSwiftUI5" */ = {
			isa = XCConfigurationList;
			buildConfigurations = (
				98ABDFD92B2F8CF000EF4718 /* Debug */,
				98ABDFDA2B2F8CF000EF4718 /* Release */,
			);
			defaultConfigurationIsVisible = 0;
			defaultConfigurationName = Release;
		};
		98ABDFDB2B2F8CF000EF4718 /* Build configuration list for PBXNativeTarget "DavalebaSwiftUI5" */ = {
			isa = XCConfigurationList;
			buildConfigurations = (
				98ABDFDC2B2F8CF000EF4718 /* Debug */,
				98ABDFDD2B2F8CF000EF4718 /* Release */,
			);
			defaultConfigurationIsVisible = 0;
			defaultConfigurationName = Release;
		};
/* End XCConfigurationList section */
	};
	rootObject = 98ABDFC52B2F8CEF00EF4718 /* Project object */;
}
